
Microsoft Visual Studio Solution File, Format Version 12.00
# Visual Studio Version 17
VisualStudioVersion = 17.4.33213.308
MinimumVisualStudioVersion = 10.0.40219.1
Project("{888888A0-9F3D-457C-B088-3A5042F75D52}") = "Compiler", "Compiler.pyproj", "{69BFDBBE-9D1B-4744-AA48-089AFF05F0DB}"
EndProject
Global
	GlobalSection(SolutionConfigurationPlatforms) = preSolution
		Debug|Any CPU = Debug|Any CPU
		Release|Any CPU = Release|Any CPU
	EndGlobalSection
	GlobalSection(ProjectConfigurationPlatforms) = postSolution
		{69BFDBBE-9D1B-4744-AA48-089AFF05F0DB}.Debug|Any CPU.ActiveCfg = Debug|Any CPU
		{69BFDBBE-9D1B-4744-AA48-089AFF05F0DB}.Release|Any CPU.ActiveCfg = Release|Any CPU
	EndGlobalSection
	GlobalSection(SolutionProperties) = preSolution
		HideSolutionNode = FALSE
	EndGlobalSection
	GlobalSection(ExtensibilityGlobals) = postSolution
		SolutionGuid = {5555091A-31F5-4157-A1D5-EFE8E1CDC505}
	EndGlobalSection
EndGlobal
